
Microsoft Visual Studio Solution File, Format Version 12.00
# Visual Studio Version 16
VisualStudioVersion = 16.0.33529.622
MinimumVisualStudioVersion = 10.0.40219.1
Project("{FAE04EC0-301F-11D3-BF4B-00C04F79EFBC}") = "BlazeAdditions", "BlazeAdditions.csproj", "{D38195A3-BAAF-42DC-B3C8-D57FAC1DBF19}"
EndProject
Global
	GlobalSection(SolutionConfigurationPlatforms) = preSolution
		Debug|Any CPU = Debug|Any CPU
		Release|Any CPU = Release|Any CPU
	EndGlobalSection
	GlobalSection(ProjectConfigurationPlatforms) = postSolution
		{D38195A3-BAAF-42DC-B3C8-D57FAC1DBF19}.Debug|Any CPU.ActiveCfg = Debug|Any CPU
		{D38195A3-BAAF-42DC-B3C8-D57FAC1DBF19}.Debug|Any CPU.Build.0 = Debug|Any CPU
		{D38195A3-BAAF-42DC-B3C8-D57FAC1DBF19}.Release|Any CPU.ActiveCfg = Release|Any CPU
		{D38195A3-BAAF-42DC-B3C8-D57FAC1DBF19}.Release|Any CPU.Build.0 = Release|Any CPU
	EndGlobalSection
	GlobalSection(SolutionProperties) = preSolution
		HideSolutionNode = FALSE
	EndGlobalSection
	GlobalSection(ExtensibilityGlobals) = postSolution
		SolutionGuid = {43ED4549-8EBD-488F-92BD-1BD84782E29E}
	EndGlobalSection
EndGlobal
